// !$*UTF8*$!
{
	archiveVersion = 1;
	classes = {
	};
	objectVersion = 56;
	objects = {

/* Begin PBXBuildFile section */
		D31EE3CB2AFE67D00034A6FA /* AppDelegate.swift in Sources */ = {isa = PBXBuildFile; fileRef = D31EE3CA2AFE67D00034A6FA /* AppDelegate.swift */; };
		D31EE3CD2AFE67D00034A6FA /* SceneDelegate.swift in Sources */ = {isa = PBXBuildFile; fileRef = D31EE3CC2AFE67D00034A6FA /* SceneDelegate.swift */; };
		D31EE3CF2AFE67D00034A6FA /* ViewController.swift in Sources */ = {isa = PBXBuildFile; fileRef = D31EE3CE2AFE67D00034A6FA /* ViewController.swift */; };
		D31EE3D22AFE67D00034A6FA /* Main.storyboard in Resources */ = {isa = PBXBuildFile; fileRef = D31EE3D02AFE67D00034A6FA /* Main.storyboard */; };
		D31EE3D42AFE67D10034A6FA /* Assets.xcassets in Resources */ = {isa = PBXBuildFile; fileRef = D31EE3D32AFE67D10034A6FA /* Assets.xcassets */; };
		D31EE3D72AFE67D10034A6FA /* LaunchScreen.storyboard in Resources */ = {isa = PBXBuildFile; fileRef = D31EE3D52AFE67D10034A6FA /* LaunchScreen.storyboard */; };
<<<<<<< Updated upstream
=======
		D31EE3E32AFE71690034A6FA /* LoginView.swift in Sources */ = {isa = PBXBuildFile; fileRef = D31EE3E22AFE71690034A6FA /* LoginView.swift */; };
		D31EE3E52AFE717C0034A6FA /* LoginViewController.swift in Sources */ = {isa = PBXBuildFile; fileRef = D31EE3E42AFE717C0034A6FA /* LoginViewController.swift */; };
		D31EE3E72AFE718E0034A6FA /* Coordinator.swift in Sources */ = {isa = PBXBuildFile; fileRef = D31EE3E62AFE718E0034A6FA /* Coordinator.swift */; };
		D31EE3E92AFE719B0034A6FA /* LoginCoordinator.swift in Sources */ = {isa = PBXBuildFile; fileRef = D31EE3E82AFE719B0034A6FA /* LoginCoordinator.swift */; };
		D393D9272B07A5A800858ED5 /* ImageDefault.swift in Sources */ = {isa = PBXBuildFile; fileRef = D393D9262B07A5A800858ED5 /* ImageDefault.swift */; };
		D393D92B2B07AA4500858ED5 /* ImageLabelDefault.swift in Sources */ = {isa = PBXBuildFile; fileRef = D393D92A2B07AA4500858ED5 /* ImageLabelDefault.swift */; };
		D393D92D2B0B882D00858ED5 /* RegisterView.swift in Sources */ = {isa = PBXBuildFile; fileRef = D393D92C2B0B882D00858ED5 /* RegisterView.swift */; };
		D393D92F2B0B884200858ED5 /* RegisterViewController.swift in Sources */ = {isa = PBXBuildFile; fileRef = D393D92E2B0B884200858ED5 /* RegisterViewController.swift */; };
		D393D9312B0B889A00858ED5 /* RegisterCoordinator.swift in Sources */ = {isa = PBXBuildFile; fileRef = D393D9302B0B889A00858ED5 /* RegisterCoordinator.swift */; };
		D393D9332B0B8F7300858ED5 /* LabelDefault.swift in Sources */ = {isa = PBXBuildFile; fileRef = D393D9322B0B8F7300858ED5 /* LabelDefault.swift */; };
		D393D9352B0E3B4E00858ED5 /* TextFieldDefault.swift in Sources */ = {isa = PBXBuildFile; fileRef = D393D9342B0E3B4E00858ED5 /* TextFieldDefault.swift */; };
		D393D9372B0E41B100858ED5 /* ButtonDefault.swift in Sources */ = {isa = PBXBuildFile; fileRef = D393D9362B0E41B100858ED5 /* ButtonDefault.swift */; };
		D393D9392B10D5E200858ED5 /* HomeView.swift in Sources */ = {isa = PBXBuildFile; fileRef = D393D9382B10D5E200858ED5 /* HomeView.swift */; };
		D393D93B2B10D65F00858ED5 /* HomeViewController.swift in Sources */ = {isa = PBXBuildFile; fileRef = D393D93A2B10D65F00858ED5 /* HomeViewController.swift */; };
		D393D93D2B10DB1A00858ED5 /* HomeCoordinator.swift in Sources */ = {isa = PBXBuildFile; fileRef = D393D93C2B10DB1A00858ED5 /* HomeCoordinator.swift */; };
		D393D93F2B14C07E00858ED5 /* ViewControllerDefault.swift in Sources */ = {isa = PBXBuildFile; fileRef = D393D93E2B14C07E00858ED5 /* ViewControllerDefault.swift */; };
		D393D9412B14C1CC00858ED5 /* ViewDefault.swift in Sources */ = {isa = PBXBuildFile; fileRef = D393D9402B14C1CC00858ED5 /* ViewDefault.swift */; };
		D3E93C372B02692100B668B3 /* Color+.swift in Sources */ = {isa = PBXBuildFile; fileRef = D3E93C362B02692100B668B3 /* Color+.swift */; };
>>>>>>> Stashed changes
/* End PBXBuildFile section */

/* Begin PBXFileReference section */
		D31EE3C72AFE67D00034A6FA /* AppNotifica.app */ = {isa = PBXFileReference; explicitFileType = wrapper.application; includeInIndex = 0; path = AppNotifica.app; sourceTree = BUILT_PRODUCTS_DIR; };
		D31EE3CA2AFE67D00034A6FA /* AppDelegate.swift */ = {isa = PBXFileReference; lastKnownFileType = sourcecode.swift; path = AppDelegate.swift; sourceTree = "<group>"; };
		D31EE3CC2AFE67D00034A6FA /* SceneDelegate.swift */ = {isa = PBXFileReference; lastKnownFileType = sourcecode.swift; path = SceneDelegate.swift; sourceTree = "<group>"; };
		D31EE3CE2AFE67D00034A6FA /* ViewController.swift */ = {isa = PBXFileReference; lastKnownFileType = sourcecode.swift; path = ViewController.swift; sourceTree = "<group>"; };
		D31EE3D12AFE67D00034A6FA /* Base */ = {isa = PBXFileReference; lastKnownFileType = file.storyboard; name = Base; path = Base.lproj/Main.storyboard; sourceTree = "<group>"; };
		D31EE3D32AFE67D10034A6FA /* Assets.xcassets */ = {isa = PBXFileReference; lastKnownFileType = folder.assetcatalog; path = Assets.xcassets; sourceTree = "<group>"; };
		D31EE3D62AFE67D10034A6FA /* Base */ = {isa = PBXFileReference; lastKnownFileType = file.storyboard; name = Base; path = Base.lproj/LaunchScreen.storyboard; sourceTree = "<group>"; };
		D31EE3D82AFE67D10034A6FA /* Info.plist */ = {isa = PBXFileReference; lastKnownFileType = text.plist.xml; path = Info.plist; sourceTree = "<group>"; };
<<<<<<< Updated upstream
=======
		D31EE3E22AFE71690034A6FA /* LoginView.swift */ = {isa = PBXFileReference; lastKnownFileType = sourcecode.swift; path = LoginView.swift; sourceTree = "<group>"; };
		D31EE3E42AFE717C0034A6FA /* LoginViewController.swift */ = {isa = PBXFileReference; lastKnownFileType = sourcecode.swift; path = LoginViewController.swift; sourceTree = "<group>"; };
		D31EE3E62AFE718E0034A6FA /* Coordinator.swift */ = {isa = PBXFileReference; lastKnownFileType = sourcecode.swift; path = Coordinator.swift; sourceTree = "<group>"; };
		D31EE3E82AFE719B0034A6FA /* LoginCoordinator.swift */ = {isa = PBXFileReference; lastKnownFileType = sourcecode.swift; path = LoginCoordinator.swift; sourceTree = "<group>"; };
		D393D9262B07A5A800858ED5 /* ImageDefault.swift */ = {isa = PBXFileReference; lastKnownFileType = sourcecode.swift; path = ImageDefault.swift; sourceTree = "<group>"; };
		D393D92A2B07AA4500858ED5 /* ImageLabelDefault.swift */ = {isa = PBXFileReference; lastKnownFileType = sourcecode.swift; path = ImageLabelDefault.swift; sourceTree = "<group>"; };
		D393D92C2B0B882D00858ED5 /* RegisterView.swift */ = {isa = PBXFileReference; lastKnownFileType = sourcecode.swift; path = RegisterView.swift; sourceTree = "<group>"; };
		D393D92E2B0B884200858ED5 /* RegisterViewController.swift */ = {isa = PBXFileReference; lastKnownFileType = sourcecode.swift; path = RegisterViewController.swift; sourceTree = "<group>"; };
		D393D9302B0B889A00858ED5 /* RegisterCoordinator.swift */ = {isa = PBXFileReference; lastKnownFileType = sourcecode.swift; path = RegisterCoordinator.swift; sourceTree = "<group>"; };
		D393D9322B0B8F7300858ED5 /* LabelDefault.swift */ = {isa = PBXFileReference; lastKnownFileType = sourcecode.swift; path = LabelDefault.swift; sourceTree = "<group>"; };
		D393D9342B0E3B4E00858ED5 /* TextFieldDefault.swift */ = {isa = PBXFileReference; lastKnownFileType = sourcecode.swift; path = TextFieldDefault.swift; sourceTree = "<group>"; };
		D393D9362B0E41B100858ED5 /* ButtonDefault.swift */ = {isa = PBXFileReference; lastKnownFileType = sourcecode.swift; path = ButtonDefault.swift; sourceTree = "<group>"; };
		D393D9382B10D5E200858ED5 /* HomeView.swift */ = {isa = PBXFileReference; lastKnownFileType = sourcecode.swift; path = HomeView.swift; sourceTree = "<group>"; };
		D393D93A2B10D65F00858ED5 /* HomeViewController.swift */ = {isa = PBXFileReference; lastKnownFileType = sourcecode.swift; path = HomeViewController.swift; sourceTree = "<group>"; };
		D393D93C2B10DB1A00858ED5 /* HomeCoordinator.swift */ = {isa = PBXFileReference; lastKnownFileType = sourcecode.swift; path = HomeCoordinator.swift; sourceTree = "<group>"; };
		D393D93E2B14C07E00858ED5 /* ViewControllerDefault.swift */ = {isa = PBXFileReference; lastKnownFileType = sourcecode.swift; path = ViewControllerDefault.swift; sourceTree = "<group>"; };
		D393D9402B14C1CC00858ED5 /* ViewDefault.swift */ = {isa = PBXFileReference; lastKnownFileType = sourcecode.swift; path = ViewDefault.swift; sourceTree = "<group>"; };
		D3E93C362B02692100B668B3 /* Color+.swift */ = {isa = PBXFileReference; lastKnownFileType = sourcecode.swift; path = "Color+.swift"; sourceTree = "<group>"; };
>>>>>>> Stashed changes
/* End PBXFileReference section */

/* Begin PBXFrameworksBuildPhase section */
		D31EE3C42AFE67D00034A6FA /* Frameworks */ = {
			isa = PBXFrameworksBuildPhase;
			buildActionMask = 2147483647;
			files = (
			);
			runOnlyForDeploymentPostprocessing = 0;
		};
/* End PBXFrameworksBuildPhase section */

/* Begin PBXGroup section */
		D31EE3BE2AFE67D00034A6FA = {
			isa = PBXGroup;
			children = (
				D31EE3C92AFE67D00034A6FA /* AppNotifica */,
				D31EE3C82AFE67D00034A6FA /* Products */,
			);
			sourceTree = "<group>";
		};
		D31EE3C82AFE67D00034A6FA /* Products */ = {
			isa = PBXGroup;
			children = (
				D31EE3C72AFE67D00034A6FA /* AppNotifica.app */,
			);
			name = Products;
			sourceTree = "<group>";
		};
		D31EE3C92AFE67D00034A6FA /* AppNotifica */ = {
			isa = PBXGroup;
			children = (
				D31EE3CA2AFE67D00034A6FA /* AppDelegate.swift */,
				D31EE3CC2AFE67D00034A6FA /* SceneDelegate.swift */,
				D31EE3CE2AFE67D00034A6FA /* ViewController.swift */,
				D31EE3D02AFE67D00034A6FA /* Main.storyboard */,
				D31EE3D32AFE67D10034A6FA /* Assets.xcassets */,
				D31EE3D52AFE67D10034A6FA /* LaunchScreen.storyboard */,
				D31EE3D82AFE67D10034A6FA /* Info.plist */,
			);
<<<<<<< Updated upstream
			path = AppNotifica;
=======
			path = Resource1;
			sourceTree = "<group>";
		};
		D31EE3DF2AFE71390034A6FA /* Source */ = {
			isa = PBXGroup;
			children = (
				D393D9252B07A53A00858ED5 /* Infrastructure */,
				D3E93C352B0268F600B668B3 /* Extensions */,
				D31EE3E02AFE71410034A6FA /* Controller */,
				D31EE3E12AFE714F0034A6FA /* Coordinator */,
			);
			path = Source;
			sourceTree = "<group>";
		};
		D31EE3E02AFE71410034A6FA /* Controller */ = {
			isa = PBXGroup;
			children = (
				D31EE3E22AFE71690034A6FA /* LoginView.swift */,
				D31EE3E42AFE717C0034A6FA /* LoginViewController.swift */,
				D393D92C2B0B882D00858ED5 /* RegisterView.swift */,
				D393D92E2B0B884200858ED5 /* RegisterViewController.swift */,
				D393D9382B10D5E200858ED5 /* HomeView.swift */,
				D393D93A2B10D65F00858ED5 /* HomeViewController.swift */,
			);
			path = Controller;
			sourceTree = "<group>";
		};
		D31EE3E12AFE714F0034A6FA /* Coordinator */ = {
			isa = PBXGroup;
			children = (
				D31EE3E62AFE718E0034A6FA /* Coordinator.swift */,
				D31EE3E82AFE719B0034A6FA /* LoginCoordinator.swift */,
				D393D9302B0B889A00858ED5 /* RegisterCoordinator.swift */,
				D393D93C2B10DB1A00858ED5 /* HomeCoordinator.swift */,
			);
			path = Coordinator;
			sourceTree = "<group>";
		};
		D393D9252B07A53A00858ED5 /* Infrastructure */ = {
			isa = PBXGroup;
			children = (
				D393D9262B07A5A800858ED5 /* ImageDefault.swift */,
				D393D92A2B07AA4500858ED5 /* ImageLabelDefault.swift */,
				D393D9322B0B8F7300858ED5 /* LabelDefault.swift */,
				D393D9342B0E3B4E00858ED5 /* TextFieldDefault.swift */,
				D393D9362B0E41B100858ED5 /* ButtonDefault.swift */,
				D393D93E2B14C07E00858ED5 /* ViewControllerDefault.swift */,
				D393D9402B14C1CC00858ED5 /* ViewDefault.swift */,
			);
			path = Infrastructure;
			sourceTree = "<group>";
		};
		D3E93C352B0268F600B668B3 /* Extensions */ = {
			isa = PBXGroup;
			children = (
				D3E93C362B02692100B668B3 /* Color+.swift */,
			);
			path = Extensions;
>>>>>>> Stashed changes
			sourceTree = "<group>";
		};
/* End PBXGroup section */

/* Begin PBXNativeTarget section */
		D31EE3C62AFE67D00034A6FA /* AppNotifica */ = {
			isa = PBXNativeTarget;
			buildConfigurationList = D31EE3DB2AFE67D10034A6FA /* Build configuration list for PBXNativeTarget "AppNotifica" */;
			buildPhases = (
				D31EE3C32AFE67D00034A6FA /* Sources */,
				D31EE3C42AFE67D00034A6FA /* Frameworks */,
				D31EE3C52AFE67D00034A6FA /* Resources */,
			);
			buildRules = (
			);
			dependencies = (
			);
			name = AppNotifica;
			productName = AppNotifica;
			productReference = D31EE3C72AFE67D00034A6FA /* AppNotifica.app */;
			productType = "com.apple.product-type.application";
		};
/* End PBXNativeTarget section */

/* Begin PBXProject section */
		D31EE3BF2AFE67D00034A6FA /* Project object */ = {
			isa = PBXProject;
			attributes = {
				BuildIndependentTargetsInParallel = 1;
				LastSwiftUpdateCheck = 1500;
				LastUpgradeCheck = 1500;
				TargetAttributes = {
					D31EE3C62AFE67D00034A6FA = {
						CreatedOnToolsVersion = 15.0;
					};
				};
			};
			buildConfigurationList = D31EE3C22AFE67D00034A6FA /* Build configuration list for PBXProject "AppNotifica" */;
			compatibilityVersion = "Xcode 14.0";
			developmentRegion = en;
			hasScannedForEncodings = 0;
			knownRegions = (
				en,
				Base,
			);
			mainGroup = D31EE3BE2AFE67D00034A6FA;
			productRefGroup = D31EE3C82AFE67D00034A6FA /* Products */;
			projectDirPath = "";
			projectRoot = "";
			targets = (
				D31EE3C62AFE67D00034A6FA /* AppNotifica */,
			);
		};
/* End PBXProject section */

/* Begin PBXResourcesBuildPhase section */
		D31EE3C52AFE67D00034A6FA /* Resources */ = {
			isa = PBXResourcesBuildPhase;
			buildActionMask = 2147483647;
			files = (
				D31EE3D72AFE67D10034A6FA /* LaunchScreen.storyboard in Resources */,
				D31EE3D42AFE67D10034A6FA /* Assets.xcassets in Resources */,
				D31EE3D22AFE67D00034A6FA /* Main.storyboard in Resources */,
			);
			runOnlyForDeploymentPostprocessing = 0;
		};
/* End PBXResourcesBuildPhase section */

/* Begin PBXSourcesBuildPhase section */
		D31EE3C32AFE67D00034A6FA /* Sources */ = {
			isa = PBXSourcesBuildPhase;
			buildActionMask = 2147483647;
			files = (
				D31EE3CF2AFE67D00034A6FA /* ViewController.swift in Sources */,
<<<<<<< Updated upstream
				D31EE3CB2AFE67D00034A6FA /* AppDelegate.swift in Sources */,
=======
				D393D93F2B14C07E00858ED5 /* ViewControllerDefault.swift in Sources */,
				D393D9312B0B889A00858ED5 /* RegisterCoordinator.swift in Sources */,
				D3E93C372B02692100B668B3 /* Color+.swift in Sources */,
				D393D92F2B0B884200858ED5 /* RegisterViewController.swift in Sources */,
				D393D93B2B10D65F00858ED5 /* HomeViewController.swift in Sources */,
				D393D9392B10D5E200858ED5 /* HomeView.swift in Sources */,
				D31EE3CB2AFE67D00034A6FA /* AppDelegate.swift in Sources */,
				D31EE3E92AFE719B0034A6FA /* LoginCoordinator.swift in Sources */,
				D393D92B2B07AA4500858ED5 /* ImageLabelDefault.swift in Sources */,
				D393D9412B14C1CC00858ED5 /* ViewDefault.swift in Sources */,
				D31EE3E72AFE718E0034A6FA /* Coordinator.swift in Sources */,
				D393D9272B07A5A800858ED5 /* ImageDefault.swift in Sources */,
				D31EE3E32AFE71690034A6FA /* LoginView.swift in Sources */,
				D31EE3E52AFE717C0034A6FA /* LoginViewController.swift in Sources */,
				D393D9332B0B8F7300858ED5 /* LabelDefault.swift in Sources */,
>>>>>>> Stashed changes
				D31EE3CD2AFE67D00034A6FA /* SceneDelegate.swift in Sources */,
			);
			runOnlyForDeploymentPostprocessing = 0;
		};
/* End PBXSourcesBuildPhase section */

/* Begin PBXVariantGroup section */
		D31EE3D02AFE67D00034A6FA /* Main.storyboard */ = {
			isa = PBXVariantGroup;
			children = (
				D31EE3D12AFE67D00034A6FA /* Base */,
			);
			name = Main.storyboard;
			sourceTree = "<group>";
		};
		D31EE3D52AFE67D10034A6FA /* LaunchScreen.storyboard */ = {
			isa = PBXVariantGroup;
			children = (
				D31EE3D62AFE67D10034A6FA /* Base */,
			);
			name = LaunchScreen.storyboard;
			sourceTree = "<group>";
		};
/* End PBXVariantGroup section */

/* Begin XCBuildConfiguration section */
		D31EE3D92AFE67D10034A6FA /* Debug */ = {
			isa = XCBuildConfiguration;
			buildSettings = {
				ALWAYS_SEARCH_USER_PATHS = NO;
				ASSETCATALOG_COMPILER_GENERATE_SWIFT_ASSET_SYMBOL_EXTENSIONS = YES;
				CLANG_ANALYZER_NONNULL = YES;
				CLANG_ANALYZER_NUMBER_OBJECT_CONVERSION = YES_AGGRESSIVE;
				CLANG_CXX_LANGUAGE_STANDARD = "gnu++20";
				CLANG_ENABLE_MODULES = YES;
				CLANG_ENABLE_OBJC_ARC = YES;
				CLANG_ENABLE_OBJC_WEAK = YES;
				CLANG_WARN_BLOCK_CAPTURE_AUTORELEASING = YES;
				CLANG_WARN_BOOL_CONVERSION = YES;
				CLANG_WARN_COMMA = YES;
				CLANG_WARN_CONSTANT_CONVERSION = YES;
				CLANG_WARN_DEPRECATED_OBJC_IMPLEMENTATIONS = YES;
				CLANG_WARN_DIRECT_OBJC_ISA_USAGE = YES_ERROR;
				CLANG_WARN_DOCUMENTATION_COMMENTS = YES;
				CLANG_WARN_EMPTY_BODY = YES;
				CLANG_WARN_ENUM_CONVERSION = YES;
				CLANG_WARN_INFINITE_RECURSION = YES;
				CLANG_WARN_INT_CONVERSION = YES;
				CLANG_WARN_NON_LITERAL_NULL_CONVERSION = YES;
				CLANG_WARN_OBJC_IMPLICIT_RETAIN_SELF = YES;
				CLANG_WARN_OBJC_LITERAL_CONVERSION = YES;
				CLANG_WARN_OBJC_ROOT_CLASS = YES_ERROR;
				CLANG_WARN_QUOTED_INCLUDE_IN_FRAMEWORK_HEADER = YES;
				CLANG_WARN_RANGE_LOOP_ANALYSIS = YES;
				CLANG_WARN_STRICT_PROTOTYPES = YES;
				CLANG_WARN_SUSPICIOUS_MOVE = YES;
				CLANG_WARN_UNGUARDED_AVAILABILITY = YES_AGGRESSIVE;
				CLANG_WARN_UNREACHABLE_CODE = YES;
				CLANG_WARN__DUPLICATE_METHOD_MATCH = YES;
				COPY_PHASE_STRIP = NO;
				DEBUG_INFORMATION_FORMAT = dwarf;
				ENABLE_STRICT_OBJC_MSGSEND = YES;
				ENABLE_TESTABILITY = YES;
				ENABLE_USER_SCRIPT_SANDBOXING = YES;
				GCC_C_LANGUAGE_STANDARD = gnu17;
				GCC_DYNAMIC_NO_PIC = NO;
				GCC_NO_COMMON_BLOCKS = YES;
				GCC_OPTIMIZATION_LEVEL = 0;
				GCC_PREPROCESSOR_DEFINITIONS = (
					"DEBUG=1",
					"$(inherited)",
				);
				GCC_WARN_64_TO_32_BIT_CONVERSION = YES;
				GCC_WARN_ABOUT_RETURN_TYPE = YES_ERROR;
				GCC_WARN_UNDECLARED_SELECTOR = YES;
				GCC_WARN_UNINITIALIZED_AUTOS = YES_AGGRESSIVE;
				GCC_WARN_UNUSED_FUNCTION = YES;
				GCC_WARN_UNUSED_VARIABLE = YES;
				IPHONEOS_DEPLOYMENT_TARGET = 17.0;
				LOCALIZATION_PREFERS_STRING_CATALOGS = YES;
				MTL_ENABLE_DEBUG_INFO = INCLUDE_SOURCE;
				MTL_FAST_MATH = YES;
				ONLY_ACTIVE_ARCH = YES;
				SDKROOT = iphoneos;
				SWIFT_ACTIVE_COMPILATION_CONDITIONS = "DEBUG $(inherited)";
				SWIFT_OPTIMIZATION_LEVEL = "-Onone";
			};
			name = Debug;
		};
		D31EE3DA2AFE67D10034A6FA /* Release */ = {
			isa = XCBuildConfiguration;
			buildSettings = {
				ALWAYS_SEARCH_USER_PATHS = NO;
				ASSETCATALOG_COMPILER_GENERATE_SWIFT_ASSET_SYMBOL_EXTENSIONS = YES;
				CLANG_ANALYZER_NONNULL = YES;
				CLANG_ANALYZER_NUMBER_OBJECT_CONVERSION = YES_AGGRESSIVE;
				CLANG_CXX_LANGUAGE_STANDARD = "gnu++20";
				CLANG_ENABLE_MODULES = YES;
				CLANG_ENABLE_OBJC_ARC = YES;
				CLANG_ENABLE_OBJC_WEAK = YES;
				CLANG_WARN_BLOCK_CAPTURE_AUTORELEASING = YES;
				CLANG_WARN_BOOL_CONVERSION = YES;
				CLANG_WARN_COMMA = YES;
				CLANG_WARN_CONSTANT_CONVERSION = YES;
				CLANG_WARN_DEPRECATED_OBJC_IMPLEMENTATIONS = YES;
				CLANG_WARN_DIRECT_OBJC_ISA_USAGE = YES_ERROR;
				CLANG_WARN_DOCUMENTATION_COMMENTS = YES;
				CLANG_WARN_EMPTY_BODY = YES;
				CLANG_WARN_ENUM_CONVERSION = YES;
				CLANG_WARN_INFINITE_RECURSION = YES;
				CLANG_WARN_INT_CONVERSION = YES;
				CLANG_WARN_NON_LITERAL_NULL_CONVERSION = YES;
				CLANG_WARN_OBJC_IMPLICIT_RETAIN_SELF = YES;
				CLANG_WARN_OBJC_LITERAL_CONVERSION = YES;
				CLANG_WARN_OBJC_ROOT_CLASS = YES_ERROR;
				CLANG_WARN_QUOTED_INCLUDE_IN_FRAMEWORK_HEADER = YES;
				CLANG_WARN_RANGE_LOOP_ANALYSIS = YES;
				CLANG_WARN_STRICT_PROTOTYPES = YES;
				CLANG_WARN_SUSPICIOUS_MOVE = YES;
				CLANG_WARN_UNGUARDED_AVAILABILITY = YES_AGGRESSIVE;
				CLANG_WARN_UNREACHABLE_CODE = YES;
				CLANG_WARN__DUPLICATE_METHOD_MATCH = YES;
				COPY_PHASE_STRIP = NO;
				DEBUG_INFORMATION_FORMAT = "dwarf-with-dsym";
				ENABLE_NS_ASSERTIONS = NO;
				ENABLE_STRICT_OBJC_MSGSEND = YES;
				ENABLE_USER_SCRIPT_SANDBOXING = YES;
				GCC_C_LANGUAGE_STANDARD = gnu17;
				GCC_NO_COMMON_BLOCKS = YES;
				GCC_WARN_64_TO_32_BIT_CONVERSION = YES;
				GCC_WARN_ABOUT_RETURN_TYPE = YES_ERROR;
				GCC_WARN_UNDECLARED_SELECTOR = YES;
				GCC_WARN_UNINITIALIZED_AUTOS = YES_AGGRESSIVE;
				GCC_WARN_UNUSED_FUNCTION = YES;
				GCC_WARN_UNUSED_VARIABLE = YES;
				IPHONEOS_DEPLOYMENT_TARGET = 17.0;
				LOCALIZATION_PREFERS_STRING_CATALOGS = YES;
				MTL_ENABLE_DEBUG_INFO = NO;
				MTL_FAST_MATH = YES;
				SDKROOT = iphoneos;
				SWIFT_COMPILATION_MODE = wholemodule;
				VALIDATE_PRODUCT = YES;
			};
			name = Release;
		};
		D31EE3DC2AFE67D10034A6FA /* Debug */ = {
			isa = XCBuildConfiguration;
			buildSettings = {
				ASSETCATALOG_COMPILER_APPICON_NAME = AppIcon;
				ASSETCATALOG_COMPILER_GLOBAL_ACCENT_COLOR_NAME = AccentColor;
				CODE_SIGN_STYLE = Automatic;
				CURRENT_PROJECT_VERSION = 1;
				GENERATE_INFOPLIST_FILE = YES;
				INFOPLIST_FILE = AppNotifica/Info.plist;
				INFOPLIST_KEY_UIApplicationSupportsIndirectInputEvents = YES;
				INFOPLIST_KEY_UILaunchStoryboardName = LaunchScreen;
				INFOPLIST_KEY_UIMainStoryboardFile = Main;
				INFOPLIST_KEY_UISupportedInterfaceOrientations_iPad = "UIInterfaceOrientationPortrait UIInterfaceOrientationPortraitUpsideDown UIInterfaceOrientationLandscapeLeft UIInterfaceOrientationLandscapeRight";
				INFOPLIST_KEY_UISupportedInterfaceOrientations_iPhone = "UIInterfaceOrientationPortrait UIInterfaceOrientationLandscapeLeft UIInterfaceOrientationLandscapeRight";
				IPHONEOS_DEPLOYMENT_TARGET = 16.3;
				LD_RUNPATH_SEARCH_PATHS = (
					"$(inherited)",
					"@executable_path/Frameworks",
				);
				MARKETING_VERSION = 1.0;
				PRODUCT_BUNDLE_IDENTIFIER = br.com.rafa4.AppNotifica;
				PRODUCT_NAME = "$(TARGET_NAME)";
				SWIFT_EMIT_LOC_STRINGS = YES;
				SWIFT_VERSION = 5.0;
				TARGETED_DEVICE_FAMILY = "1,2";
			};
			name = Debug;
		};
		D31EE3DD2AFE67D10034A6FA /* Release */ = {
			isa = XCBuildConfiguration;
			buildSettings = {
				ASSETCATALOG_COMPILER_APPICON_NAME = AppIcon;
				ASSETCATALOG_COMPILER_GLOBAL_ACCENT_COLOR_NAME = AccentColor;
				CODE_SIGN_STYLE = Automatic;
				CURRENT_PROJECT_VERSION = 1;
				GENERATE_INFOPLIST_FILE = YES;
				INFOPLIST_FILE = AppNotifica/Info.plist;
				INFOPLIST_KEY_UIApplicationSupportsIndirectInputEvents = YES;
				INFOPLIST_KEY_UILaunchStoryboardName = LaunchScreen;
				INFOPLIST_KEY_UIMainStoryboardFile = Main;
				INFOPLIST_KEY_UISupportedInterfaceOrientations_iPad = "UIInterfaceOrientationPortrait UIInterfaceOrientationPortraitUpsideDown UIInterfaceOrientationLandscapeLeft UIInterfaceOrientationLandscapeRight";
				INFOPLIST_KEY_UISupportedInterfaceOrientations_iPhone = "UIInterfaceOrientationPortrait UIInterfaceOrientationLandscapeLeft UIInterfaceOrientationLandscapeRight";
				IPHONEOS_DEPLOYMENT_TARGET = 16.3;
				LD_RUNPATH_SEARCH_PATHS = (
					"$(inherited)",
					"@executable_path/Frameworks",
				);
				MARKETING_VERSION = 1.0;
				PRODUCT_BUNDLE_IDENTIFIER = br.com.rafa4.AppNotifica;
				PRODUCT_NAME = "$(TARGET_NAME)";
				SWIFT_EMIT_LOC_STRINGS = YES;
				SWIFT_VERSION = 5.0;
				TARGETED_DEVICE_FAMILY = "1,2";
			};
			name = Release;
		};
/* End XCBuildConfiguration section */

/* Begin XCConfigurationList section */
		D31EE3C22AFE67D00034A6FA /* Build configuration list for PBXProject "AppNotifica" */ = {
			isa = XCConfigurationList;
			buildConfigurations = (
				D31EE3D92AFE67D10034A6FA /* Debug */,
				D31EE3DA2AFE67D10034A6FA /* Release */,
			);
			defaultConfigurationIsVisible = 0;
			defaultConfigurationName = Release;
		};
		D31EE3DB2AFE67D10034A6FA /* Build configuration list for PBXNativeTarget "AppNotifica" */ = {
			isa = XCConfigurationList;
			buildConfigurations = (
				D31EE3DC2AFE67D10034A6FA /* Debug */,
				D31EE3DD2AFE67D10034A6FA /* Release */,
			);
			defaultConfigurationIsVisible = 0;
			defaultConfigurationName = Release;
		};
/* End XCConfigurationList section */
	};
	rootObject = D31EE3BF2AFE67D00034A6FA /* Project object */;
}
